// !$*UTF8*$!
{
	archiveVersion = 1;
	classes = {
	};
	objectVersion = 46;
	objects = {

/* Begin PBXBuildFile section */
		1F13607118183199003A35CB /* ReceiversTableViewController.m in Sources */ = {isa = PBXBuildFile; fileRef = 1F13607018183199003A35CB /* ReceiversTableViewController.m */; };
		1F13607418183326003A35CB /* CustomCellBackground.m in Sources */ = {isa = PBXBuildFile; fileRef = 1F13607318183326003A35CB /* CustomCellBackground.m */; };
		1F13607718183B6E003A35CB /* Common.m in Sources */ = {isa = PBXBuildFile; fileRef = 1F13607618183B6E003A35CB /* Common.m */; };
		1F13607A18183F28003A35CB /* CustomHeader.m in Sources */ = {isa = PBXBuildFile; fileRef = 1F13607918183F28003A35CB /* CustomHeader.m */; };
		1F13607D181841C7003A35CB /* CustomFooter.m in Sources */ = {isa = PBXBuildFile; fileRef = 1F13607C181841C7003A35CB /* CustomFooter.m */; };
		1F1360821818489E003A35CB /* main_bg.jpg in Resources */ = {isa = PBXBuildFile; fileRef = 1F1360811818489E003A35CB /* main_bg.jpg */; };
		1F13608518184B2A003A35CB /* CustomButton.m in Sources */ = {isa = PBXBuildFile; fileRef = 1F13608418184B2A003A35CB /* CustomButton.m */; };
		1F2463DB17ECBCBB0023A1D0 /* Foundation.framework in Frameworks */ = {isa = PBXBuildFile; fileRef = 1F2463DA17ECBCBB0023A1D0 /* Foundation.framework */; };
		1F2463DD17ECBCBB0023A1D0 /* CoreGraphics.framework in Frameworks */ = {isa = PBXBuildFile; fileRef = 1F2463DC17ECBCBB0023A1D0 /* CoreGraphics.framework */; };
		1F2463DF17ECBCBB0023A1D0 /* UIKit.framework in Frameworks */ = {isa = PBXBuildFile; fileRef = 1F2463DE17ECBCBB0023A1D0 /* UIKit.framework */; };
		1F2463E517ECBCBB0023A1D0 /* InfoPlist.strings in Resources */ = {isa = PBXBuildFile; fileRef = 1F2463E317ECBCBB0023A1D0 /* InfoPlist.strings */; };
		1F2463E717ECBCBB0023A1D0 /* main.m in Sources */ = {isa = PBXBuildFile; fileRef = 1F2463E617ECBCBB0023A1D0 /* main.m */; };
		1F2463EB17ECBCBB0023A1D0 /* AppDelegate.m in Sources */ = {isa = PBXBuildFile; fileRef = 1F2463EA17ECBCBB0023A1D0 /* AppDelegate.m */; };
		1F2463EE17ECBCBB0023A1D0 /* Main.storyboard in Resources */ = {isa = PBXBuildFile; fileRef = 1F2463EC17ECBCBB0023A1D0 /* Main.storyboard */; };
		1F2463F317ECBCBB0023A1D0 /* Images.xcassets in Resources */ = {isa = PBXBuildFile; fileRef = 1F2463F217ECBCBB0023A1D0 /* Images.xcassets */; };
		1F2463FA17ECBCBB0023A1D0 /* XCTest.framework in Frameworks */ = {isa = PBXBuildFile; fileRef = 1F2463F917ECBCBB0023A1D0 /* XCTest.framework */; };
		1F2463FB17ECBCBB0023A1D0 /* Foundation.framework in Frameworks */ = {isa = PBXBuildFile; fileRef = 1F2463DA17ECBCBB0023A1D0 /* Foundation.framework */; };
		1F2463FC17ECBCBB0023A1D0 /* UIKit.framework in Frameworks */ = {isa = PBXBuildFile; fileRef = 1F2463DE17ECBCBB0023A1D0 /* UIKit.framework */; };
		1F24640417ECBCBB0023A1D0 /* InfoPlist.strings in Resources */ = {isa = PBXBuildFile; fileRef = 1F24640217ECBCBB0023A1D0 /* InfoPlist.strings */; };
		1F24640617ECBCBB0023A1D0 /* TreatmentCenterTests.m in Sources */ = {isa = PBXBuildFile; fileRef = 1F24640517ECBCBB0023A1D0 /* TreatmentCenterTests.m */; };
		1F24641117ECC7580023A1D0 /* LoginViewController.m in Sources */ = {isa = PBXBuildFile; fileRef = 1F24641017ECC7580023A1D0 /* LoginViewController.m */; };
		1F24641417ECC80C0023A1D0 /* AddClientViewController.m in Sources */ = {isa = PBXBuildFile; fileRef = 1F24641317ECC80C0023A1D0 /* AddClientViewController.m */; };
		1F24641A17ECC8B80023A1D0 /* CaretakerViewController.m in Sources */ = {isa = PBXBuildFile; fileRef = 1F24641917ECC8B80023A1D0 /* CaretakerViewController.m */; };
		1F24641D17ECC8CC0023A1D0 /* CentersViewController.m in Sources */ = {isa = PBXBuildFile; fileRef = 1F24641C17ECC8CC0023A1D0 /* CentersViewController.m */; };
		1F24642417ECD3720023A1D0 /* ClientViewController.m in Sources */ = {isa = PBXBuildFile; fileRef = 1F24642317ECD3720023A1D0 /* ClientViewController.m */; };
		1F24642717ECDDEE0023A1D0 /* ExistingClientTableViewController.m in Sources */ = {isa = PBXBuildFile; fileRef = 1F24642617ECDDEE0023A1D0 /* ExistingClientTableViewController.m */; };
		1F651F6917F20CFD006649B1 /* Caretaker.m in Sources */ = {isa = PBXBuildFile; fileRef = 1F651F6817F20CFD006649B1 /* Caretaker.m */; };
		1F651F6F17F20CFE006649B1 /* Center.m in Sources */ = {isa = PBXBuildFile; fileRef = 1F651F6E17F20CFE006649B1 /* Center.m */; };
		1F84BF9817F61FC300DE9F92 /* Reachability.m in Sources */ = {isa = PBXBuildFile; fileRef = 1F84BF9717F61FC300DE9F92 /* Reachability.m */; };
		1F912C5A181058FA0082BB84 /* NextAddClientViewController.m in Sources */ = {isa = PBXBuildFile; fileRef = 1F912C59181058FA0082BB84 /* NextAddClientViewController.m */; };
		1F912C5D181089190082BB84 /* Child.m in Sources */ = {isa = PBXBuildFile; fileRef = 1F912C5C181089190082BB84 /* Child.m */; };
		1FB4364F1820222F007C9C8D /* social_treats_spotlight.png in Resources */ = {isa = PBXBuildFile; fileRef = 1FB4364E1820222F007C9C8D /* social_treats_spotlight.png */; };
		1FB4365118202269007C9C8D /* social_treats_spotlight@2x.png in Resources */ = {isa = PBXBuildFile; fileRef = 1FB4365018202269007C9C8D /* social_treats_spotlight@2x.png */; };
		1FC3D2FD1814445A000CE299 /* Client.m in Sources */ = {isa = PBXBuildFile; fileRef = 1FC3D2FC1814445A000CE299 /* Client.m */; };
		1FC3D31218148E4D000CE299 /* AppModels.xcdatamodeld in Sources */ = {isa = PBXBuildFile; fileRef = 1FC3D30F18148E4D000CE299 /* AppModels.xcdatamodeld */; };
/* End PBXBuildFile section */

/* Begin PBXContainerItemProxy section */
		1F2463FD17ECBCBB0023A1D0 /* PBXContainerItemProxy */ = {
			isa = PBXContainerItemProxy;
			containerPortal = 1F2463CF17ECBCBB0023A1D0 /* Project object */;
			proxyType = 1;
			remoteGlobalIDString = 1F2463D617ECBCBB0023A1D0;
			remoteInfo = TreatmentCenter;
		};
/* End PBXContainerItemProxy section */

/* Begin PBXFileReference section */
		1F13606F18183199003A35CB /* ReceiversTableViewController.h */ = {isa = PBXFileReference; fileEncoding = 4; lastKnownFileType = sourcecode.c.h; name = ReceiversTableViewController.h; path = ../ReceiversTableViewController.h; sourceTree = "<group>"; };
		1F13607018183199003A35CB /* ReceiversTableViewController.m */ = {isa = PBXFileReference; fileEncoding = 4; lastKnownFileType = sourcecode.c.objc; name = ReceiversTableViewController.m; path = ../ReceiversTableViewController.m; sourceTree = "<group>"; };
		1F13607218183326003A35CB /* CustomCellBackground.h */ = {isa = PBXFileReference; fileEncoding = 4; lastKnownFileType = sourcecode.c.h; path = CustomCellBackground.h; sourceTree = "<group>"; };
		1F13607318183326003A35CB /* CustomCellBackground.m */ = {isa = PBXFileReference; fileEncoding = 4; lastKnownFileType = sourcecode.c.objc; path = CustomCellBackground.m; sourceTree = "<group>"; };
		1F13607518183B6E003A35CB /* Common.h */ = {isa = PBXFileReference; fileEncoding = 4; lastKnownFileType = sourcecode.c.h; name = Common.h; path = ../Common.h; sourceTree = "<group>"; };
		1F13607618183B6E003A35CB /* Common.m */ = {isa = PBXFileReference; fileEncoding = 4; lastKnownFileType = sourcecode.c.objc; name = Common.m; path = ../Common.m; sourceTree = "<group>"; };
		1F13607818183F28003A35CB /* CustomHeader.h */ = {isa = PBXFileReference; fileEncoding = 4; lastKnownFileType = sourcecode.c.h; path = CustomHeader.h; sourceTree = "<group>"; };
		1F13607918183F28003A35CB /* CustomHeader.m */ = {isa = PBXFileReference; fileEncoding = 4; lastKnownFileType = sourcecode.c.objc; path = CustomHeader.m; sourceTree = "<group>"; };
		1F13607B181841C7003A35CB /* CustomFooter.h */ = {isa = PBXFileReference; fileEncoding = 4; lastKnownFileType = sourcecode.c.h; path = CustomFooter.h; sourceTree = "<group>"; };
		1F13607C181841C7003A35CB /* CustomFooter.m */ = {isa = PBXFileReference; fileEncoding = 4; lastKnownFileType = sourcecode.c.objc; path = CustomFooter.m; sourceTree = "<group>"; };
		1F1360811818489E003A35CB /* main_bg.jpg */ = {isa = PBXFileReference; lastKnownFileType = image.jpeg; path = main_bg.jpg; sourceTree = "<group>"; };
		1F13608318184B2A003A35CB /* CustomButton.h */ = {isa = PBXFileReference; fileEncoding = 4; lastKnownFileType = sourcecode.c.h; name = CustomButton.h; path = ../CustomButton.h; sourceTree = "<group>"; };
		1F13608418184B2A003A35CB /* CustomButton.m */ = {isa = PBXFileReference; fileEncoding = 4; lastKnownFileType = sourcecode.c.objc; name = CustomButton.m; path = ../CustomButton.m; sourceTree = "<group>"; };
		1F2463D717ECBCBB0023A1D0 /* SocialTreat.app */ = {isa = PBXFileReference; explicitFileType = wrapper.application; includeInIndex = 0; path = SocialTreat.app; sourceTree = BUILT_PRODUCTS_DIR; };
		1F2463DA17ECBCBB0023A1D0 /* Foundation.framework */ = {isa = PBXFileReference; lastKnownFileType = wrapper.framework; name = Foundation.framework; path = System/Library/Frameworks/Foundation.framework; sourceTree = SDKROOT; };
		1F2463DC17ECBCBB0023A1D0 /* CoreGraphics.framework */ = {isa = PBXFileReference; lastKnownFileType = wrapper.framework; name = CoreGraphics.framework; path = System/Library/Frameworks/CoreGraphics.framework; sourceTree = SDKROOT; };
		1F2463DE17ECBCBB0023A1D0 /* UIKit.framework */ = {isa = PBXFileReference; lastKnownFileType = wrapper.framework; name = UIKit.framework; path = System/Library/Frameworks/UIKit.framework; sourceTree = SDKROOT; };
		1F2463E217ECBCBB0023A1D0 /* TreatmentCenter-Info.plist */ = {isa = PBXFileReference; lastKnownFileType = text.plist.xml; path = "TreatmentCenter-Info.plist"; sourceTree = "<group>"; };
		1F2463E417ECBCBB0023A1D0 /* en */ = {isa = PBXFileReference; lastKnownFileType = text.plist.strings; name = en; path = en.lproj/InfoPlist.strings; sourceTree = "<group>"; };
		1F2463E617ECBCBB0023A1D0 /* main.m */ = {isa = PBXFileReference; lastKnownFileType = sourcecode.c.objc; path = main.m; sourceTree = "<group>"; };
		1F2463E817ECBCBB0023A1D0 /* TreatmentCenter-Prefix.pch */ = {isa = PBXFileReference; lastKnownFileType = sourcecode.c.h; path = "TreatmentCenter-Prefix.pch"; sourceTree = "<group>"; };
		1F2463E917ECBCBB0023A1D0 /* AppDelegate.h */ = {isa = PBXFileReference; lastKnownFileType = sourcecode.c.h; path = AppDelegate.h; sourceTree = "<group>"; };
		1F2463EA17ECBCBB0023A1D0 /* AppDelegate.m */ = {isa = PBXFileReference; lastKnownFileType = sourcecode.c.objc; path = AppDelegate.m; sourceTree = "<group>"; };
		1F2463ED17ECBCBB0023A1D0 /* Base */ = {isa = PBXFileReference; lastKnownFileType = file.storyboard; name = Base; path = Base.lproj/Main.storyboard; sourceTree = "<group>"; };
		1F2463F217ECBCBB0023A1D0 /* Images.xcassets */ = {isa = PBXFileReference; lastKnownFileType = folder.assetcatalog; path = Images.xcassets; sourceTree = "<group>"; };
		1F2463F817ECBCBB0023A1D0 /* TreatmentCenterTests.xctest */ = {isa = PBXFileReference; explicitFileType = wrapper.cfbundle; includeInIndex = 0; path = TreatmentCenterTests.xctest; sourceTree = BUILT_PRODUCTS_DIR; };
		1F2463F917ECBCBB0023A1D0 /* XCTest.framework */ = {isa = PBXFileReference; lastKnownFileType = wrapper.framework; name = XCTest.framework; path = Library/Frameworks/XCTest.framework; sourceTree = DEVELOPER_DIR; };
		1F24640117ECBCBB0023A1D0 /* TreatmentCenterTests-Info.plist */ = {isa = PBXFileReference; lastKnownFileType = text.plist.xml; path = "TreatmentCenterTests-Info.plist"; sourceTree = "<group>"; };
		1F24640317ECBCBB0023A1D0 /* en */ = {isa = PBXFileReference; lastKnownFileType = text.plist.strings; name = en; path = en.lproj/InfoPlist.strings; sourceTree = "<group>"; };
		1F24640517ECBCBB0023A1D0 /* TreatmentCenterTests.m */ = {isa = PBXFileReference; lastKnownFileType = sourcecode.c.objc; path = TreatmentCenterTests.m; sourceTree = "<group>"; };
		1F24640F17ECC7580023A1D0 /* LoginViewController.h */ = {isa = PBXFileReference; fileEncoding = 4; lastKnownFileType = sourcecode.c.h; path = LoginViewController.h; sourceTree = "<group>"; };
		1F24641017ECC7580023A1D0 /* LoginViewController.m */ = {isa = PBXFileReference; fileEncoding = 4; lastKnownFileType = sourcecode.c.objc; path = LoginViewController.m; sourceTree = "<group>"; };
		1F24641217ECC80C0023A1D0 /* AddClientViewController.h */ = {isa = PBXFileReference; fileEncoding = 4; lastKnownFileType = sourcecode.c.h; path = AddClientViewController.h; sourceTree = "<group>"; };
		1F24641317ECC80C0023A1D0 /* AddClientViewController.m */ = {isa = PBXFileReference; fileEncoding = 4; lastKnownFileType = sourcecode.c.objc; path = AddClientViewController.m; sourceTree = "<group>"; };
		1F24641817ECC8B80023A1D0 /* CaretakerViewController.h */ = {isa = PBXFileReference; fileEncoding = 4; lastKnownFileType = sourcecode.c.h; path = CaretakerViewController.h; sourceTree = "<group>"; };
		1F24641917ECC8B80023A1D0 /* CaretakerViewController.m */ = {isa = PBXFileReference; fileEncoding = 4; lastKnownFileType = sourcecode.c.objc; path = CaretakerViewController.m; sourceTree = "<group>"; };
		1F24641B17ECC8CC0023A1D0 /* CentersViewController.h */ = {isa = PBXFileReference; fileEncoding = 4; lastKnownFileType = sourcecode.c.h; path = CentersViewController.h; sourceTree = "<group>"; };
		1F24641C17ECC8CC0023A1D0 /* CentersViewController.m */ = {isa = PBXFileReference; fileEncoding = 4; lastKnownFileType = sourcecode.c.objc; path = CentersViewController.m; sourceTree = "<group>"; };
		1F24642217ECD3720023A1D0 /* ClientViewController.h */ = {isa = PBXFileReference; fileEncoding = 4; lastKnownFileType = sourcecode.c.h; name = ClientViewController.h; path = ../ClientViewController.h; sourceTree = "<group>"; };
		1F24642317ECD3720023A1D0 /* ClientViewController.m */ = {isa = PBXFileReference; fileEncoding = 4; lastKnownFileType = sourcecode.c.objc; name = ClientViewController.m; path = ../ClientViewController.m; sourceTree = "<group>"; };
		1F24642517ECDDEE0023A1D0 /* ExistingClientTableViewController.h */ = {isa = PBXFileReference; fileEncoding = 4; lastKnownFileType = sourcecode.c.h; name = ExistingClientTableViewController.h; path = ../ExistingClientTableViewController.h; sourceTree = "<group>"; };
		1F24642617ECDDEE0023A1D0 /* ExistingClientTableViewController.m */ = {isa = PBXFileReference; fileEncoding = 4; lastKnownFileType = sourcecode.c.objc; name = ExistingClientTableViewController.m; path = ../ExistingClientTableViewController.m; sourceTree = "<group>"; };
		1F651F6817F20CFD006649B1 /* Caretaker.m */ = {isa = PBXFileReference; fileEncoding = 4; lastKnownFileType = sourcecode.c.objc; path = Caretaker.m; sourceTree = "<group>"; };
		1F651F6D17F20CFE006649B1 /* Center.h */ = {isa = PBXFileReference; fileEncoding = 4; lastKnownFileType = sourcecode.c.h; path = Center.h; sourceTree = "<group>"; };
		1F651F6E17F20CFE006649B1 /* Center.m */ = {isa = PBXFileReference; fileEncoding = 4; lastKnownFileType = sourcecode.c.objc; path = Center.m; sourceTree = "<group>"; };
		1F84BF9617F61FC300DE9F92 /* Reachability.h */ = {isa = PBXFileReference; fileEncoding = 4; lastKnownFileType = sourcecode.c.h; path = Reachability.h; sourceTree = "<group>"; };
		1F84BF9717F61FC300DE9F92 /* Reachability.m */ = {isa = PBXFileReference; fileEncoding = 4; lastKnownFileType = sourcecode.c.objc; path = Reachability.m; sourceTree = "<group>"; };
		1F912C58181058FA0082BB84 /* NextAddClientViewController.h */ = {isa = PBXFileReference; fileEncoding = 4; lastKnownFileType = sourcecode.c.h; name = NextAddClientViewController.h; path = ../NextAddClientViewController.h; sourceTree = "<group>"; };
		1F912C59181058FA0082BB84 /* NextAddClientViewController.m */ = {isa = PBXFileReference; fileEncoding = 4; lastKnownFileType = sourcecode.c.objc; name = NextAddClientViewController.m; path = ../NextAddClientViewController.m; sourceTree = "<group>"; };
		1F912C5B181089190082BB84 /* Child.h */ = {isa = PBXFileReference; fileEncoding = 4; lastKnownFileType = sourcecode.c.h; path = Child.h; sourceTree = "<group>"; };
		1F912C5C181089190082BB84 /* Child.m */ = {isa = PBXFileReference; fileEncoding = 4; lastKnownFileType = sourcecode.c.objc; path = Child.m; sourceTree = "<group>"; };
		1FB4364E1820222F007C9C8D /* social_treats_spotlight.png */ = {isa = PBXFileReference; lastKnownFileType = image.png; name = social_treats_spotlight.png; path = Images.xcassets/social_treats_spotlight.imageset/social_treats_spotlight.png; sourceTree = "<group>"; };
		1FB4365018202269007C9C8D /* social_treats_spotlight@2x.png */ = {isa = PBXFileReference; lastKnownFileType = image.png; name = "social_treats_spotlight@2x.png"; path = "Images.xcassets/social_treats_spotlight.imageset/social_treats_spotlight@2x.png"; sourceTree = "<group>"; };
		1FC3D2F51814428B000CE299 /* Client.h */ = {isa = PBXFileReference; fileEncoding = 4; lastKnownFileType = sourcecode.c.h; path = Client.h; sourceTree = "<group>"; };
		1FC3D2FC1814445A000CE299 /* Client.m */ = {isa = PBXFileReference; fileEncoding = 4; lastKnownFileType = sourcecode.c.objc; path = Client.m; sourceTree = "<group>"; };
		1FC3D30718148861000CE299 /* Caretaker.h */ = {isa = PBXFileReference; fileEncoding = 4; lastKnownFileType = sourcecode.c.h; path = Caretaker.h; sourceTree = "<group>"; };
		1FC3D31018148E4D000CE299 /* AppModels 2.xcdatamodel */ = {isa = PBXFileReference; lastKnownFileType = wrapper.xcdatamodel; path = "AppModels 2.xcdatamodel"; sourceTree = "<group>"; };
		1FC3D31118148E4D000CE299 /* AppModels.xcdatamodel */ = {isa = PBXFileReference; lastKnownFileType = wrapper.xcdatamodel; path = AppModels.xcdatamodel; sourceTree = "<group>"; };
/* End PBXFileReference section */

/* Begin PBXFrameworksBuildPhase section */
		1F2463D417ECBCBB0023A1D0 /* Frameworks */ = {
			isa = PBXFrameworksBuildPhase;
			buildActionMask = 2147483647;
			files = (
				1F2463DD17ECBCBB0023A1D0 /* CoreGraphics.framework in Frameworks */,
				1F2463DF17ECBCBB0023A1D0 /* UIKit.framework in Frameworks */,
				1F2463DB17ECBCBB0023A1D0 /* Foundation.framework in Frameworks */,
			);
			runOnlyForDeploymentPostprocessing = 0;
		};
		1F2463F517ECBCBB0023A1D0 /* Frameworks */ = {
			isa = PBXFrameworksBuildPhase;
			buildActionMask = 2147483647;
			files = (
				1F2463FA17ECBCBB0023A1D0 /* XCTest.framework in Frameworks */,
				1F2463FC17ECBCBB0023A1D0 /* UIKit.framework in Frameworks */,
				1F2463FB17ECBCBB0023A1D0 /* Foundation.framework in Frameworks */,
			);
			runOnlyForDeploymentPostprocessing = 0;
		};
/* End PBXFrameworksBuildPhase section */

/* Begin PBXGroup section */
		1F13607E181841D8003A35CB /* Implementations */ = {
			isa = PBXGroup;
			children = (
				1F13608418184B2A003A35CB /* CustomButton.m */,
				1F13607918183F28003A35CB /* CustomHeader.m */,
				1F13607C181841C7003A35CB /* CustomFooter.m */,
				1F13607318183326003A35CB /* CustomCellBackground.m */,
				1F912C59181058FA0082BB84 /* NextAddClientViewController.m */,
				1F24642617ECDDEE0023A1D0 /* ExistingClientTableViewController.m */,
				1F2463EA17ECBCBB0023A1D0 /* AppDelegate.m */,
				1FC3D2FC1814445A000CE299 /* Client.m */,
				1F13607018183199003A35CB /* ReceiversTableViewController.m */,
				1F912C5C181089190082BB84 /* Child.m */,
				1F651F6E17F20CFE006649B1 /* Center.m */,
				1F651F6817F20CFD006649B1 /* Caretaker.m */,
				1F24642317ECD3720023A1D0 /* ClientViewController.m */,
				1F84BF9717F61FC300DE9F92 /* Reachability.m */,
				1F24641017ECC7580023A1D0 /* LoginViewController.m */,
				1F24641917ECC8B80023A1D0 /* CaretakerViewController.m */,
				1F24641C17ECC8CC0023A1D0 /* CentersViewController.m */,
				1F24641317ECC80C0023A1D0 /* AddClientViewController.m */,
				1F13607618183B6E003A35CB /* Common.m */,
			);
			name = Implementations;
			sourceTree = "<group>";
		};
		1F2463CE17ECBCBB0023A1D0 = {
			isa = PBXGroup;
			children = (
				1F2463E017ECBCBB0023A1D0 /* TreatmentCenter */,
				1F2463FF17ECBCBB0023A1D0 /* TreatmentCenterTests */,
				1F2463D917ECBCBB0023A1D0 /* Frameworks */,
				1F2463D817ECBCBB0023A1D0 /* Products */,
			);
			sourceTree = "<group>";
		};
		1F2463D817ECBCBB0023A1D0 /* Products */ = {
			isa = PBXGroup;
			children = (
				1F2463D717ECBCBB0023A1D0 /* SocialTreat.app */,
				1F2463F817ECBCBB0023A1D0 /* TreatmentCenterTests.xctest */,
			);
			name = Products;
			sourceTree = "<group>";
		};
		1F2463D917ECBCBB0023A1D0 /* Frameworks */ = {
			isa = PBXGroup;
			children = (
				1F2463DA17ECBCBB0023A1D0 /* Foundation.framework */,
				1F2463DC17ECBCBB0023A1D0 /* CoreGraphics.framework */,
				1F2463DE17ECBCBB0023A1D0 /* UIKit.framework */,
				1F2463F917ECBCBB0023A1D0 /* XCTest.framework */,
			);
			name = Frameworks;
			sourceTree = "<group>";
		};
		1F2463E017ECBCBB0023A1D0 /* TreatmentCenter */ = {
			isa = PBXGroup;
			children = (
				1F1360811818489E003A35CB /* main_bg.jpg */,
				1FC3D30F18148E4D000CE299 /* AppModels.xcdatamodeld */,
				1F2463F217ECBCBB0023A1D0 /* Images.xcassets */,
				1F2463E117ECBCBB0023A1D0 /* Supporting Files */,
				1F24641E17ECD2650023A1D0 /* Headers */,
				1F13607E181841D8003A35CB /* Implementations */,
				1F2463EC17ECBCBB0023A1D0 /* Main.storyboard */,
			);
			path = TreatmentCenter;
			sourceTree = "<group>";
		};
		1F2463E117ECBCBB0023A1D0 /* Supporting Files */ = {
			isa = PBXGroup;
			children = (
				1FB4365018202269007C9C8D /* social_treats_spotlight@2x.png */,
				1FB4364E1820222F007C9C8D /* social_treats_spotlight.png */,
				1F2463E217ECBCBB0023A1D0 /* TreatmentCenter-Info.plist */,
				1F2463E317ECBCBB0023A1D0 /* InfoPlist.strings */,
				1F2463E617ECBCBB0023A1D0 /* main.m */,
				1F2463E817ECBCBB0023A1D0 /* TreatmentCenter-Prefix.pch */,
			);
			name = "Supporting Files";
			sourceTree = "<group>";
		};
		1F2463FF17ECBCBB0023A1D0 /* TreatmentCenterTests */ = {
			isa = PBXGroup;
			children = (
				1F24640517ECBCBB0023A1D0 /* TreatmentCenterTests.m */,
				1F24640017ECBCBB0023A1D0 /* Supporting Files */,
			);
			path = TreatmentCenterTests;
			sourceTree = "<group>";
		};
		1F24640017ECBCBB0023A1D0 /* Supporting Files */ = {
			isa = PBXGroup;
			children = (
				1F24640117ECBCBB0023A1D0 /* TreatmentCenterTests-Info.plist */,
				1F24640217ECBCBB0023A1D0 /* InfoPlist.strings */,
			);
			name = "Supporting Files";
			sourceTree = "<group>";
		};
		1F24641E17ECD2650023A1D0 /* Headers */ = {
			isa = PBXGroup;
			children = (
				1F13608318184B2A003A35CB /* CustomButton.h */,
				1F13607B181841C7003A35CB /* CustomFooter.h */,
				1F13607818183F28003A35CB /* CustomHeader.h */,
				1F13607518183B6E003A35CB /* Common.h */,
				1F13606F18183199003A35CB /* ReceiversTableViewController.h */,
				1F13607218183326003A35CB /* CustomCellBackground.h */,
				1FC3D2F51814428B000CE299 /* Client.h */,
				1F912C5B181089190082BB84 /* Child.h */,
				1F912C58181058FA0082BB84 /* NextAddClientViewController.h */,
				1F84BF9617F61FC300DE9F92 /* Reachability.h */,
				1F651F6D17F20CFE006649B1 /* Center.h */,
				1FC3D30718148861000CE299 /* Caretaker.h */,
				1F24642517ECDDEE0023A1D0 /* ExistingClientTableViewController.h */,
				1F24642217ECD3720023A1D0 /* ClientViewController.h */,
				1F2463E917ECBCBB0023A1D0 /* AppDelegate.h */,
				1F24641B17ECC8CC0023A1D0 /* CentersViewController.h */,
				1F24641817ECC8B80023A1D0 /* CaretakerViewController.h */,
				1F24640F17ECC7580023A1D0 /* LoginViewController.h */,
				1F24641217ECC80C0023A1D0 /* AddClientViewController.h */,
			);
			name = Headers;
			sourceTree = "<group>";
		};
/* End PBXGroup section */

/* Begin PBXNativeTarget section */
		1F2463D617ECBCBB0023A1D0 /* TreatmentCenter */ = {
			isa = PBXNativeTarget;
			buildConfigurationList = 1F24640917ECBCBB0023A1D0 /* Build configuration list for PBXNativeTarget "TreatmentCenter" */;
			buildPhases = (
				1F2463D317ECBCBB0023A1D0 /* Sources */,
				1F2463D417ECBCBB0023A1D0 /* Frameworks */,
				1F2463D517ECBCBB0023A1D0 /* Resources */,
			);
			buildRules = (
			);
			dependencies = (
			);
			name = TreatmentCenter;
			productName = TreatmentCenter;
			productReference = 1F2463D717ECBCBB0023A1D0 /* SocialTreat.app */;
			productType = "com.apple.product-type.application";
		};
		1F2463F717ECBCBB0023A1D0 /* TreatmentCenterTests */ = {
			isa = PBXNativeTarget;
			buildConfigurationList = 1F24640C17ECBCBB0023A1D0 /* Build configuration list for PBXNativeTarget "TreatmentCenterTests" */;
			buildPhases = (
				1F2463F417ECBCBB0023A1D0 /* Sources */,
				1F2463F517ECBCBB0023A1D0 /* Frameworks */,
				1F2463F617ECBCBB0023A1D0 /* Resources */,
			);
			buildRules = (
			);
			dependencies = (
				1F2463FE17ECBCBB0023A1D0 /* PBXTargetDependency */,
			);
			name = TreatmentCenterTests;
			productName = TreatmentCenterTests;
			productReference = 1F2463F817ECBCBB0023A1D0 /* TreatmentCenterTests.xctest */;
			productType = "com.apple.product-type.bundle.unit-test";
		};
/* End PBXNativeTarget section */

/* Begin PBXProject section */
		1F2463CF17ECBCBB0023A1D0 /* Project object */ = {
			isa = PBXProject;
			attributes = {
				LastUpgradeCheck = 0500;
				ORGANIZATIONNAME = "Cinjon Resnick";
				TargetAttributes = {
					1F2463F717ECBCBB0023A1D0 = {
						TestTargetID = 1F2463D617ECBCBB0023A1D0;
					};
				};
			};
			buildConfigurationList = 1F2463D217ECBCBB0023A1D0 /* Build configuration list for PBXProject "SocialTreat" */;
			compatibilityVersion = "Xcode 3.2";
			developmentRegion = English;
			hasScannedForEncodings = 0;
			knownRegions = (
				en,
				Base,
			);
			mainGroup = 1F2463CE17ECBCBB0023A1D0;
			productRefGroup = 1F2463D817ECBCBB0023A1D0 /* Products */;
			projectDirPath = "";
			projectRoot = "";
			targets = (
				1F2463D617ECBCBB0023A1D0 /* TreatmentCenter */,
				1F2463F717ECBCBB0023A1D0 /* TreatmentCenterTests */,
			);
		};
/* End PBXProject section */

/* Begin PBXResourcesBuildPhase section */
		1F2463D517ECBCBB0023A1D0 /* Resources */ = {
			isa = PBXResourcesBuildPhase;
			buildActionMask = 2147483647;
			files = (
				1F2463F317ECBCBB0023A1D0 /* Images.xcassets in Resources */,
				1F2463E517ECBCBB0023A1D0 /* InfoPlist.strings in Resources */,
				1F2463EE17ECBCBB0023A1D0 /* Main.storyboard in Resources */,
				1FB4364F1820222F007C9C8D /* social_treats_spotlight.png in Resources */,
				1F1360821818489E003A35CB /* main_bg.jpg in Resources */,
				1FB4365118202269007C9C8D /* social_treats_spotlight@2x.png in Resources */,
			);
			runOnlyForDeploymentPostprocessing = 0;
		};
		1F2463F617ECBCBB0023A1D0 /* Resources */ = {
			isa = PBXResourcesBuildPhase;
			buildActionMask = 2147483647;
			files = (
				1F24640417ECBCBB0023A1D0 /* InfoPlist.strings in Resources */,
			);
			runOnlyForDeploymentPostprocessing = 0;
		};
/* End PBXResourcesBuildPhase section */

/* Begin PBXSourcesBuildPhase section */
		1F2463D317ECBCBB0023A1D0 /* Sources */ = {
			isa = PBXSourcesBuildPhase;
			buildActionMask = 2147483647;
			files = (
				1F912C5A181058FA0082BB84 /* NextAddClientViewController.m in Sources */,
				1F24641417ECC80C0023A1D0 /* AddClientViewController.m in Sources */,
				1FC3D31218148E4D000CE299 /* AppModels.xcdatamodeld in Sources */,
				1F13608518184B2A003A35CB /* CustomButton.m in Sources */,
				1F24642417ECD3720023A1D0 /* ClientViewController.m in Sources */,
				1F24642717ECDDEE0023A1D0 /* ExistingClientTableViewController.m in Sources */,
				1F651F6F17F20CFE006649B1 /* Center.m in Sources */,
				1F13607718183B6E003A35CB /* Common.m in Sources */,
				1F13607D181841C7003A35CB /* CustomFooter.m in Sources */,
				1F912C5D181089190082BB84 /* Child.m in Sources */,
				1F24641117ECC7580023A1D0 /* LoginViewController.m in Sources */,
				1F13607118183199003A35CB /* ReceiversTableViewController.m in Sources */,
				1FC3D2FD1814445A000CE299 /* Client.m in Sources */,
				1F2463EB17ECBCBB0023A1D0 /* AppDelegate.m in Sources */,
				1F24641A17ECC8B80023A1D0 /* CaretakerViewController.m in Sources */,
				1F13607418183326003A35CB /* CustomCellBackground.m in Sources */,
				1F24641D17ECC8CC0023A1D0 /* CentersViewController.m in Sources */,
				1F84BF9817F61FC300DE9F92 /* Reachability.m in Sources */,
				1F2463E717ECBCBB0023A1D0 /* main.m in Sources */,
				1F13607A18183F28003A35CB /* CustomHeader.m in Sources */,
				1F651F6917F20CFD006649B1 /* Caretaker.m in Sources */,
			);
			runOnlyForDeploymentPostprocessing = 0;
		};
		1F2463F417ECBCBB0023A1D0 /* Sources */ = {
			isa = PBXSourcesBuildPhase;
			buildActionMask = 2147483647;
			files = (
				1F24640617ECBCBB0023A1D0 /* TreatmentCenterTests.m in Sources */,
			);
			runOnlyForDeploymentPostprocessing = 0;
		};
/* End PBXSourcesBuildPhase section */

/* Begin PBXTargetDependency section */
		1F2463FE17ECBCBB0023A1D0 /* PBXTargetDependency */ = {
			isa = PBXTargetDependency;
			target = 1F2463D617ECBCBB0023A1D0 /* TreatmentCenter */;
			targetProxy = 1F2463FD17ECBCBB0023A1D0 /* PBXContainerItemProxy */;
		};
/* End PBXTargetDependency section */

/* Begin PBXVariantGroup section */
		1F2463E317ECBCBB0023A1D0 /* InfoPlist.strings */ = {
			isa = PBXVariantGroup;
			children = (
				1F2463E417ECBCBB0023A1D0 /* en */,
			);
			name = InfoPlist.strings;
			sourceTree = "<group>";
		};
		1F2463EC17ECBCBB0023A1D0 /* Main.storyboard */ = {
			isa = PBXVariantGroup;
			children = (
				1F2463ED17ECBCBB0023A1D0 /* Base */,
			);
			name = Main.storyboard;
			sourceTree = "<group>";
		};
		1F24640217ECBCBB0023A1D0 /* InfoPlist.strings */ = {
			isa = PBXVariantGroup;
			children = (
				1F24640317ECBCBB0023A1D0 /* en */,
			);
			name = InfoPlist.strings;
			sourceTree = "<group>";
		};
/* End PBXVariantGroup section */

/* Begin XCBuildConfiguration section */
		1F24640717ECBCBB0023A1D0 /* Debug */ = {
			isa = XCBuildConfiguration;
			buildSettings = {
				ALWAYS_SEARCH_USER_PATHS = NO;
				ARCHS = "$(ARCHS_STANDARD_INCLUDING_64_BIT)";
				CLANG_CXX_LANGUAGE_STANDARD = "gnu++0x";
				CLANG_CXX_LIBRARY = "libc++";
				CLANG_ENABLE_MODULES = YES;
				CLANG_ENABLE_OBJC_ARC = YES;
				CLANG_WARN_BOOL_CONVERSION = YES;
				CLANG_WARN_CONSTANT_CONVERSION = YES;
				CLANG_WARN_DIRECT_OBJC_ISA_USAGE = YES_ERROR;
				CLANG_WARN_EMPTY_BODY = YES;
				CLANG_WARN_ENUM_CONVERSION = YES;
				CLANG_WARN_INT_CONVERSION = YES;
				CLANG_WARN_OBJC_ROOT_CLASS = YES_ERROR;
				CLANG_WARN__DUPLICATE_METHOD_MATCH = YES;
				"CODE_SIGN_IDENTITY[sdk=iphoneos*]" = "iPhone Developer";
				COPY_PHASE_STRIP = NO;
				GCC_C_LANGUAGE_STANDARD = gnu99;
				GCC_DYNAMIC_NO_PIC = NO;
				GCC_OPTIMIZATION_LEVEL = 0;
				GCC_PREPROCESSOR_DEFINITIONS = (
					"DEBUG=1",
					"$(inherited)",
				);
				GCC_SYMBOLS_PRIVATE_EXTERN = NO;
				GCC_WARN_64_TO_32_BIT_CONVERSION = YES;
				GCC_WARN_ABOUT_RETURN_TYPE = YES_ERROR;
				GCC_WARN_UNDECLARED_SELECTOR = YES;
				GCC_WARN_UNINITIALIZED_AUTOS = YES;
				GCC_WARN_UNUSED_FUNCTION = YES;
				GCC_WARN_UNUSED_VARIABLE = YES;
				IPHONEOS_DEPLOYMENT_TARGET = 7.0;
				ONLY_ACTIVE_ARCH = YES;
				SDKROOT = iphoneos;
			};
			name = Debug;
		};
		1F24640817ECBCBB0023A1D0 /* Release */ = {
			isa = XCBuildConfiguration;
			buildSettings = {
				ALWAYS_SEARCH_USER_PATHS = NO;
				ARCHS = "$(ARCHS_STANDARD_INCLUDING_64_BIT)";
				CLANG_CXX_LANGUAGE_STANDARD = "gnu++0x";
				CLANG_CXX_LIBRARY = "libc++";
				CLANG_ENABLE_MODULES = YES;
				CLANG_ENABLE_OBJC_ARC = YES;
				CLANG_WARN_BOOL_CONVERSION = YES;
				CLANG_WARN_CONSTANT_CONVERSION = YES;
				CLANG_WARN_DIRECT_OBJC_ISA_USAGE = YES_ERROR;
				CLANG_WARN_EMPTY_BODY = YES;
				CLANG_WARN_ENUM_CONVERSION = YES;
				CLANG_WARN_INT_CONVERSION = YES;
				CLANG_WARN_OBJC_ROOT_CLASS = YES_ERROR;
				CLANG_WARN__DUPLICATE_METHOD_MATCH = YES;
				"CODE_SIGN_IDENTITY[sdk=iphoneos*]" = "iPhone Developer";
				COPY_PHASE_STRIP = YES;
				ENABLE_NS_ASSERTIONS = NO;
				GCC_C_LANGUAGE_STANDARD = gnu99;
				GCC_WARN_64_TO_32_BIT_CONVERSION = YES;
				GCC_WARN_ABOUT_RETURN_TYPE = YES_ERROR;
				GCC_WARN_UNDECLARED_SELECTOR = YES;
				GCC_WARN_UNINITIALIZED_AUTOS = YES;
				GCC_WARN_UNUSED_FUNCTION = YES;
				GCC_WARN_UNUSED_VARIABLE = YES;
				IPHONEOS_DEPLOYMENT_TARGET = 7.0;
				SDKROOT = iphoneos;
				VALIDATE_PRODUCT = YES;
			};
			name = Release;
		};
		1F24640A17ECBCBB0023A1D0 /* Debug */ = {
			isa = XCBuildConfiguration;
			buildSettings = {
				ASSETCATALOG_COMPILER_APPICON_NAME = AppIcon;
				ASSETCATALOG_COMPILER_LAUNCHIMAGE_NAME = LaunchImage;
				GCC_PRECOMPILE_PREFIX_HEADER = YES;
				GCC_PREFIX_HEADER = "TreatmentCenter/TreatmentCenter-Prefix.pch";
				INFOPLIST_FILE = "TreatmentCenter/TreatmentCenter-Info.plist";
				IPHONEOS_DEPLOYMENT_TARGET = 7.0;
				PRODUCT_NAME = SocialTreat;
				TARGETED_DEVICE_FAMILY = 1;
				WRAPPER_EXTENSION = app;
			};
			name = Debug;
		};
		1F24640B17ECBCBB0023A1D0 /* Release */ = {
			isa = XCBuildConfiguration;
			buildSettings = {
				ASSETCATALOG_COMPILER_APPICON_NAME = AppIcon;
				ASSETCATALOG_COMPILER_LAUNCHIMAGE_NAME = LaunchImage;
				GCC_PRECOMPILE_PREFIX_HEADER = YES;
				GCC_PREFIX_HEADER = "TreatmentCenter/TreatmentCenter-Prefix.pch";
				INFOPLIST_FILE = "TreatmentCenter/TreatmentCenter-Info.plist";
				IPHONEOS_DEPLOYMENT_TARGET = 7.0;
				PRODUCT_NAME = SocialTreat;
				TARGETED_DEVICE_FAMILY = 1;
				WRAPPER_EXTENSION = app;
			};
			name = Release;
		};
		1F24640D17ECBCBB0023A1D0 /* Debug */ = {
			isa = XCBuildConfiguration;
			buildSettings = {
				ARCHS = "$(ARCHS_STANDARD_INCLUDING_64_BIT)";
				BUNDLE_LOADER = "$(BUILT_PRODUCTS_DIR)/TreatmentCenter.app/TreatmentCenter";
				FRAMEWORK_SEARCH_PATHS = (
					"$(SDKROOT)/Developer/Library/Frameworks",
					"$(inherited)",
					"$(DEVELOPER_FRAMEWORKS_DIR)",
				);
				GCC_PRECOMPILE_PREFIX_HEADER = YES;
				GCC_PREFIX_HEADER = "TreatmentCenter/TreatmentCenter-Prefix.pch";
				GCC_PREPROCESSOR_DEFINITIONS = (
					"DEBUG=1",
					"$(inherited)",
				);
				INFOPLIST_FILE = "TreatmentCenterTests/TreatmentCenterTests-Info.plist";
				PRODUCT_NAME = "$(TARGET_NAME)";
				TEST_HOST = "$(BUNDLE_LOADER)";
				WRAPPER_EXTENSION = xctest;
			};
			name = Debug;
		};
		1F24640E17ECBCBB0023A1D0 /* Release */ = {
			isa = XCBuildConfiguration;
			buildSettings = {
				ARCHS = "$(ARCHS_STANDARD_INCLUDING_64_BIT)";
				BUNDLE_LOADER = "$(BUILT_PRODUCTS_DIR)/TreatmentCenter.app/TreatmentCenter";
				FRAMEWORK_SEARCH_PATHS = (
					"$(SDKROOT)/Developer/Library/Frameworks",
					"$(inherited)",
					"$(DEVELOPER_FRAMEWORKS_DIR)",
				);
				GCC_PRECOMPILE_PREFIX_HEADER = YES;
				GCC_PREFIX_HEADER = "TreatmentCenter/TreatmentCenter-Prefix.pch";
				INFOPLIST_FILE = "TreatmentCenterTests/TreatmentCenterTests-Info.plist";
				PRODUCT_NAME = "$(TARGET_NAME)";
				TEST_HOST = "$(BUNDLE_LOADER)";
				WRAPPER_EXTENSION = xctest;
			};
			name = Release;
		};
/* End XCBuildConfiguration section */

/* Begin XCConfigurationList section */
		1F2463D217ECBCBB0023A1D0 /* Build configuration list for PBXProject "SocialTreat" */ = {
			isa = XCConfigurationList;
			buildConfigurations = (
				1F24640717ECBCBB0023A1D0 /* Debug */,
				1F24640817ECBCBB0023A1D0 /* Release */,
			);
			defaultConfigurationIsVisible = 0;
			defaultConfigurationName = Release;
		};
		1F24640917ECBCBB0023A1D0 /* Build configuration list for PBXNativeTarget "TreatmentCenter" */ = {
			isa = XCConfigurationList;
			buildConfigurations = (
				1F24640A17ECBCBB0023A1D0 /* Debug */,
				1F24640B17ECBCBB0023A1D0 /* Release */,
			);
			defaultConfigurationIsVisible = 0;
			defaultConfigurationName = Release;
		};
		1F24640C17ECBCBB0023A1D0 /* Build configuration list for PBXNativeTarget "TreatmentCenterTests" */ = {
			isa = XCConfigurationList;
			buildConfigurations = (
				1F24640D17ECBCBB0023A1D0 /* Debug */,
				1F24640E17ECBCBB0023A1D0 /* Release */,
			);
			defaultConfigurationIsVisible = 0;
			defaultConfigurationName = Release;
		};
/* End XCConfigurationList section */

/* Begin XCVersionGroup section */
		1FC3D30F18148E4D000CE299 /* AppModels.xcdatamodeld */ = {
			isa = XCVersionGroup;
			children = (
				1FC3D31018148E4D000CE299 /* AppModels 2.xcdatamodel */,
				1FC3D31118148E4D000CE299 /* AppModels.xcdatamodel */,
			);
			currentVersion = 1FC3D31018148E4D000CE299 /* AppModels 2.xcdatamodel */;
			path = AppModels.xcdatamodeld;
			sourceTree = "<group>";
			versionGroupType = wrapper.xcdatamodel;
		};
/* End XCVersionGroup section */
	};
	rootObject = 1F2463CF17ECBCBB0023A1D0 /* Project object */;
}
